
Microsoft Visual Studio Solution File, Format Version 12.00
# Visual Studio Version 16
VisualStudioVersion = 16.0.31911.196
MinimumVisualStudioVersion = 10.0.40219.1
Project("{FAE04EC0-301F-11D3-BF4B-00C04F79EFBC}") = "GitProjekt2B", "GitProjekt2B\GitProjekt2B.csproj", "{94B0EE34-FF16-44D6-A71F-89F208C66049}"
EndProject
Global
	GlobalSection(SolutionConfigurationPlatforms) = preSolution
		Debug|Any CPU = Debug|Any CPU
		Release|Any CPU = Release|Any CPU
	EndGlobalSection
	GlobalSection(ProjectConfigurationPlatforms) = postSolution
		{94B0EE34-FF16-44D6-A71F-89F208C66049}.Debug|Any CPU.ActiveCfg = Debug|Any CPU
		{94B0EE34-FF16-44D6-A71F-89F208C66049}.Debug|Any CPU.Build.0 = Debug|Any CPU
		{94B0EE34-FF16-44D6-A71F-89F208C66049}.Release|Any CPU.ActiveCfg = Release|Any CPU
		{94B0EE34-FF16-44D6-A71F-89F208C66049}.Release|Any CPU.Build.0 = Release|Any CPU
	EndGlobalSection
	GlobalSection(SolutionProperties) = preSolution
		HideSolutionNode = FALSE
	EndGlobalSection
	GlobalSection(ExtensibilityGlobals) = postSolution
		SolutionGuid = {68DB9408-0AA1-4F74-8D1A-536DEF87C208}
	EndGlobalSection
EndGlobal
